{
  "originHash" : "e7fe9a5bc3fa29488418a1a0b1efef9f3156ccb8aca1c0b09b95716ff0021d71",
  "pins" : [
    {
      "identity" : "ios-maps-sdk",
      "kind" : "remoteSourceControl",
      "location" : "https://github.com/googlemaps/ios-maps-sdk",
      "state" : {
        "revision" : "98096f0cd3524e7217fe36936dc1a0c738819f9c",
        "version" : "10.14.0"
      }
    },
    {
      "identity" : "uicolor-hex-swift",
      "kind" : "remoteSourceControl",
      "location" : "https://github.com/yeahdongcn/UIColor-Hex-Swift",
      "state" : {
        "revision" : "f37f97bc1a5b545b39ab5330e133e56fa4f38cff",
        "version" : "5.1.9"
      }
    }
  ],
  "version" : 3
}
